
Microsoft Visual Studio Solution File, Format Version 12.00
# Visual Studio Version 17
VisualStudioVersion = 17.13.35913.81 d17.13
MinimumVisualStudioVersion = 10.0.40219.1
Project("{FAE04EC0-301F-11D3-BF4B-00C04F79EFBC}") = "While", "While\While.csproj", "{6F598C83-5C73-4D68-A5F6-C491E9D907FB}"
EndProject
Global
	GlobalSection(SolutionConfigurationPlatforms) = preSolution
		Debug|Any CPU = Debug|Any CPU
		Release|Any CPU = Release|Any CPU
	EndGlobalSection
	GlobalSection(ProjectConfigurationPlatforms) = postSolution
		{6F598C83-5C73-4D68-A5F6-C491E9D907FB}.Debug|Any CPU.ActiveCfg = Debug|Any CPU
		{6F598C83-5C73-4D68-A5F6-C491E9D907FB}.Debug|Any CPU.Build.0 = Debug|Any CPU
		{6F598C83-5C73-4D68-A5F6-C491E9D907FB}.Release|Any CPU.ActiveCfg = Release|Any CPU
		{6F598C83-5C73-4D68-A5F6-C491E9D907FB}.Release|Any CPU.Build.0 = Release|Any CPU
	EndGlobalSection
	GlobalSection(SolutionProperties) = preSolution
		HideSolutionNode = FALSE
	EndGlobalSection
	GlobalSection(ExtensibilityGlobals) = postSolution
		SolutionGuid = {BC5B057D-C093-458E-A89A-F8E283C17C1D}
	EndGlobalSection
EndGlobal
